// !$*UTF8*$!
{
	archiveVersion = 1;
	classes = {
	};
	objectVersion = 50;
	objects = {

/* Begin PBXBuildFile section */
		22510C2E26DC8B000053698D /* TetherApp.swift in Sources */ = {isa = PBXBuildFile; fileRef = 22510C2D26DC8B000053698D /* TetherApp.swift */; };
		22510C3026DC8B000053698D /* ContentView.swift in Sources */ = {isa = PBXBuildFile; fileRef = 22510C2F26DC8B000053698D /* ContentView.swift */; };
		22510C3226DC8B050053698D /* Assets.xcassets in Resources */ = {isa = PBXBuildFile; fileRef = 22510C3126DC8B050053698D /* Assets.xcassets */; };
		22510C3526DC8B050053698D /* Preview Assets.xcassets in Resources */ = {isa = PBXBuildFile; fileRef = 22510C3426DC8B050053698D /* Preview Assets.xcassets */; };
		2261871426F171A8009D7AE7 /* ChildListView.swift in Sources */ = {isa = PBXBuildFile; fileRef = 2261871326F171A8009D7AE7 /* ChildListView.swift */; };
		C59C119D27208B540077B43D /* Logger.swift in Sources */ = {isa = PBXBuildFile; fileRef = C59C119C27208B540077B43D /* Logger.swift */; };
		C59C119F272096040077B43D /* LoggerFuncs.swift in Sources */ = {isa = PBXBuildFile; fileRef = C59C119E272096040077B43D /* LoggerFuncs.swift */; };
		C5D8F2E72713920E0003FED7 /* BLEManager.swift in Sources */ = {isa = PBXBuildFile; fileRef = C5D8F2E62713920E0003FED7 /* BLEManager.swift */; };
/* End PBXBuildFile section */

/* Begin PBXFileReference section */
		22510C2A26DC8B000053698D /* Tether.app */ = {isa = PBXFileReference; explicitFileType = wrapper.application; includeInIndex = 0; path = Tether.app; sourceTree = BUILT_PRODUCTS_DIR; };
		22510C2D26DC8B000053698D /* TetherApp.swift */ = {isa = PBXFileReference; lastKnownFileType = sourcecode.swift; path = TetherApp.swift; sourceTree = "<group>"; };
		22510C2F26DC8B000053698D /* ContentView.swift */ = {isa = PBXFileReference; lastKnownFileType = sourcecode.swift; path = ContentView.swift; sourceTree = "<group>"; };
		22510C3126DC8B050053698D /* Assets.xcassets */ = {isa = PBXFileReference; lastKnownFileType = folder.assetcatalog; path = Assets.xcassets; sourceTree = "<group>"; };
		22510C3426DC8B050053698D /* Preview Assets.xcassets */ = {isa = PBXFileReference; lastKnownFileType = folder.assetcatalog; path = "Preview Assets.xcassets"; sourceTree = "<group>"; };
		22510C3626DC8B050053698D /* Info.plist */ = {isa = PBXFileReference; lastKnownFileType = text.plist.xml; path = Info.plist; sourceTree = "<group>"; };
		2261871326F171A8009D7AE7 /* ChildListView.swift */ = {isa = PBXFileReference; lastKnownFileType = sourcecode.swift; path = ChildListView.swift; sourceTree = "<group>"; };
		229FF2D126EFB27200701448 /* Tether.entitlements */ = {isa = PBXFileReference; lastKnownFileType = text.plist.entitlements; path = Tether.entitlements; sourceTree = "<group>"; };
		C59C119C27208B540077B43D /* Logger.swift */ = {isa = PBXFileReference; lastKnownFileType = sourcecode.swift; path = Logger.swift; sourceTree = "<group>"; };
		C59C119E272096040077B43D /* LoggerFuncs.swift */ = {isa = PBXFileReference; lastKnownFileType = sourcecode.swift; path = LoggerFuncs.swift; sourceTree = "<group>"; };
		C5D8F2E62713920E0003FED7 /* BLEManager.swift */ = {isa = PBXFileReference; fileEncoding = 4; lastKnownFileType = sourcecode.swift; path = BLEManager.swift; sourceTree = "<group>"; };
/* End PBXFileReference section */

/* Begin PBXFrameworksBuildPhase section */
		22510C2726DC8B000053698D /* Frameworks */ = {
			isa = PBXFrameworksBuildPhase;
			buildActionMask = 2147483647;
			files = (
			);
			runOnlyForDeploymentPostprocessing = 0;
		};
/* End PBXFrameworksBuildPhase section */

/* Begin PBXGroup section */
		22510C2126DC8B000053698D = {
			isa = PBXGroup;
			children = (
				22510C2C26DC8B000053698D /* Tether */,
				22510C2B26DC8B000053698D /* Products */,
			);
			sourceTree = "<group>";
		};
		22510C2B26DC8B000053698D /* Products */ = {
			isa = PBXGroup;
			children = (
				22510C2A26DC8B000053698D /* Tether.app */,
			);
			name = Products;
			sourceTree = "<group>";
		};
		22510C2C26DC8B000053698D /* Tether */ = {
			isa = PBXGroup;
			children = (
				C5D8F2E62713920E0003FED7 /* BLEManager.swift */,
				229FF2D126EFB27200701448 /* Tether.entitlements */,
				22510C2D26DC8B000053698D /* TetherApp.swift */,
				22510C2F26DC8B000053698D /* ContentView.swift */,
				2261871326F171A8009D7AE7 /* ChildListView.swift */,
				22510C3126DC8B050053698D /* Assets.xcassets */,
				22510C3626DC8B050053698D /* Info.plist */,
				22510C3326DC8B050053698D /* Preview Content */,
				C59C119C27208B540077B43D /* Logger.swift */,
				C59C119E272096040077B43D /* LoggerFuncs.swift */,
			);
			path = Tether;
			sourceTree = "<group>";
		};
		22510C3326DC8B050053698D /* Preview Content */ = {
			isa = PBXGroup;
			children = (
				22510C3426DC8B050053698D /* Preview Assets.xcassets */,
			);
			path = "Preview Content";
			sourceTree = "<group>";
		};
/* End PBXGroup section */

/* Begin PBXNativeTarget section */
		22510C2926DC8B000053698D /* Tether */ = {
			isa = PBXNativeTarget;
			buildConfigurationList = 22510C3926DC8B050053698D /* Build configuration list for PBXNativeTarget "Tether" */;
			buildPhases = (
				22510C2626DC8B000053698D /* Sources */,
				22510C2726DC8B000053698D /* Frameworks */,
				22510C2826DC8B000053698D /* Resources */,
			);
			buildRules = (
			);
			dependencies = (
			);
			name = Tether;
			productName = Tether;
			productReference = 22510C2A26DC8B000053698D /* Tether.app */;
			productType = "com.apple.product-type.application";
		};
/* End PBXNativeTarget section */

/* Begin PBXProject section */
		22510C2226DC8B000053698D /* Project object */ = {
			isa = PBXProject;
			attributes = {
				LastSwiftUpdateCheck = 1250;
				LastUpgradeCheck = 1250;
				TargetAttributes = {
					22510C2926DC8B000053698D = {
						CreatedOnToolsVersion = 12.5.1;
					};
				};
			};
			buildConfigurationList = 22510C2526DC8B000053698D /* Build configuration list for PBXProject "Tether" */;
			compatibilityVersion = "Xcode 9.3";
			developmentRegion = en;
			hasScannedForEncodings = 0;
			knownRegions = (
				en,
				Base,
			);
			mainGroup = 22510C2126DC8B000053698D;
			productRefGroup = 22510C2B26DC8B000053698D /* Products */;
			projectDirPath = "";
			projectRoot = "";
			targets = (
				22510C2926DC8B000053698D /* Tether */,
			);
		};
/* End PBXProject section */

/* Begin PBXResourcesBuildPhase section */
		22510C2826DC8B000053698D /* Resources */ = {
			isa = PBXResourcesBuildPhase;
			buildActionMask = 2147483647;
			files = (
				22510C3526DC8B050053698D /* Preview Assets.xcassets in Resources */,
				22510C3226DC8B050053698D /* Assets.xcassets in Resources */,
			);
			runOnlyForDeploymentPostprocessing = 0;
		};
/* End PBXResourcesBuildPhase section */

/* Begin PBXSourcesBuildPhase section */
		22510C2626DC8B000053698D /* Sources */ = {
			isa = PBXSourcesBuildPhase;
			buildActionMask = 2147483647;
			files = (
				C59C119D27208B540077B43D /* Logger.swift in Sources */,
				C59C119F272096040077B43D /* LoggerFuncs.swift in Sources */,
				22510C3026DC8B000053698D /* ContentView.swift in Sources */,
				C5D8F2E72713920E0003FED7 /* BLEManager.swift in Sources */,
				22510C2E26DC8B000053698D /* TetherApp.swift in Sources */,
				2261871426F171A8009D7AE7 /* ChildListView.swift in Sources */,
			);
			runOnlyForDeploymentPostprocessing = 0;
		};
/* End PBXSourcesBuildPhase section */

/* Begin XCBuildConfiguration section */
		22510C3726DC8B050053698D /* Debug */ = {
			isa = XCBuildConfiguration;
			buildSettings = {
				ALWAYS_SEARCH_USER_PATHS = NO;
				CLANG_ANALYZER_NONNULL = YES;
				CLANG_ANALYZER_NUMBER_OBJECT_CONVERSION = YES_AGGRESSIVE;
				CLANG_CXX_LANGUAGE_STANDARD = "gnu++14";
				CLANG_CXX_LIBRARY = "libc++";
				CLANG_ENABLE_MODULES = YES;
				CLANG_ENABLE_OBJC_ARC = YES;
				CLANG_ENABLE_OBJC_WEAK = YES;
				CLANG_WARN_BLOCK_CAPTURE_AUTORELEASING = YES;
				CLANG_WARN_BOOL_CONVERSION = YES;
				CLANG_WARN_COMMA = YES;
				CLANG_WARN_CONSTANT_CONVERSION = YES;
				CLANG_WARN_DEPRECATED_OBJC_IMPLEMENTATIONS = YES;
				CLANG_WARN_DIRECT_OBJC_ISA_USAGE = YES_ERROR;
				CLANG_WARN_DOCUMENTATION_COMMENTS = YES;
				CLANG_WARN_EMPTY_BODY = YES;
				CLANG_WARN_ENUM_CONVERSION = YES;
				CLANG_WARN_INFINITE_RECURSION = YES;
				CLANG_WARN_INT_CONVERSION = YES;
				CLANG_WARN_NON_LITERAL_NULL_CONVERSION = YES;
				CLANG_WARN_OBJC_IMPLICIT_RETAIN_SELF = YES;
				CLANG_WARN_OBJC_LITERAL_CONVERSION = YES;
				CLANG_WARN_OBJC_ROOT_CLASS = YES_ERROR;
				CLANG_WARN_QUOTED_INCLUDE_IN_FRAMEWORK_HEADER = YES;
				CLANG_WARN_RANGE_LOOP_ANALYSIS = YES;
				CLANG_WARN_STRICT_PROTOTYPES = YES;
				CLANG_WARN_SUSPICIOUS_MOVE = YES;
				CLANG_WARN_UNGUARDED_AVAILABILITY = YES_AGGRESSIVE;
				CLANG_WARN_UNREACHABLE_CODE = YES;
				CLANG_WARN__DUPLICATE_METHOD_MATCH = YES;
				COPY_PHASE_STRIP = NO;
				DEBUG_INFORMATION_FORMAT = dwarf;
				ENABLE_STRICT_OBJC_MSGSEND = YES;
				ENABLE_TESTABILITY = YES;
				GCC_C_LANGUAGE_STANDARD = gnu11;
				GCC_DYNAMIC_NO_PIC = NO;
				GCC_NO_COMMON_BLOCKS = YES;
				GCC_OPTIMIZATION_LEVEL = 0;
				GCC_PREPROCESSOR_DEFINITIONS = (
					"DEBUG=1",
					"$(inherited)",
				);
				GCC_WARN_64_TO_32_BIT_CONVERSION = YES;
				GCC_WARN_ABOUT_RETURN_TYPE = YES_ERROR;
				GCC_WARN_UNDECLARED_SELECTOR = YES;
				GCC_WARN_UNINITIALIZED_AUTOS = YES_AGGRESSIVE;
				GCC_WARN_UNUSED_FUNCTION = YES;
				GCC_WARN_UNUSED_VARIABLE = YES;
				IPHONEOS_DEPLOYMENT_TARGET = 14.5;
				MTL_ENABLE_DEBUG_INFO = INCLUDE_SOURCE;
				MTL_FAST_MATH = YES;
				ONLY_ACTIVE_ARCH = YES;
				SDKROOT = iphoneos;
				SWIFT_ACTIVE_COMPILATION_CONDITIONS = DEBUG;
				SWIFT_OPTIMIZATION_LEVEL = "-Onone";
			};
			name = Debug;
		};
		22510C3826DC8B050053698D /* Release */ = {
			isa = XCBuildConfiguration;
			buildSettings = {
				ALWAYS_SEARCH_USER_PATHS = NO;
				CLANG_ANALYZER_NONNULL = YES;
				CLANG_ANALYZER_NUMBER_OBJECT_CONVERSION = YES_AGGRESSIVE;
				CLANG_CXX_LANGUAGE_STANDARD = "gnu++14";
				CLANG_CXX_LIBRARY = "libc++";
				CLANG_ENABLE_MODULES = YES;
				CLANG_ENABLE_OBJC_ARC = YES;
				CLANG_ENABLE_OBJC_WEAK = YES;
				CLANG_WARN_BLOCK_CAPTURE_AUTORELEASING = YES;
				CLANG_WARN_BOOL_CONVERSION = YES;
				CLANG_WARN_COMMA = YES;
				CLANG_WARN_CONSTANT_CONVERSION = YES;
				CLANG_WARN_DEPRECATED_OBJC_IMPLEMENTATIONS = YES;
				CLANG_WARN_DIRECT_OBJC_ISA_USAGE = YES_ERROR;
				CLANG_WARN_DOCUMENTATION_COMMENTS = YES;
				CLANG_WARN_EMPTY_BODY = YES;
				CLANG_WARN_ENUM_CONVERSION = YES;
				CLANG_WARN_INFINITE_RECURSION = YES;
				CLANG_WARN_INT_CONVERSION = YES;
				CLANG_WARN_NON_LITERAL_NULL_CONVERSION = YES;
				CLANG_WARN_OBJC_IMPLICIT_RETAIN_SELF = YES;
				CLANG_WARN_OBJC_LITERAL_CONVERSION = YES;
				CLANG_WARN_OBJC_ROOT_CLASS = YES_ERROR;
				CLANG_WARN_QUOTED_INCLUDE_IN_FRAMEWORK_HEADER = YES;
				CLANG_WARN_RANGE_LOOP_ANALYSIS = YES;
				CLANG_WARN_STRICT_PROTOTYPES = YES;
				CLANG_WARN_SUSPICIOUS_MOVE = YES;
				CLANG_WARN_UNGUARDED_AVAILABILITY = YES_AGGRESSIVE;
				CLANG_WARN_UNREACHABLE_CODE = YES;
				CLANG_WARN__DUPLICATE_METHOD_MATCH = YES;
				COPY_PHASE_STRIP = NO;
				DEBUG_INFORMATION_FORMAT = "dwarf-with-dsym";
				ENABLE_NS_ASSERTIONS = NO;
				ENABLE_STRICT_OBJC_MSGSEND = YES;
				GCC_C_LANGUAGE_STANDARD = gnu11;
				GCC_NO_COMMON_BLOCKS = YES;
				GCC_WARN_64_TO_32_BIT_CONVERSION = YES;
				GCC_WARN_ABOUT_RETURN_TYPE = YES_ERROR;
				GCC_WARN_UNDECLARED_SELECTOR = YES;
				GCC_WARN_UNINITIALIZED_AUTOS = YES_AGGRESSIVE;
				GCC_WARN_UNUSED_FUNCTION = YES;
				GCC_WARN_UNUSED_VARIABLE = YES;
				IPHONEOS_DEPLOYMENT_TARGET = 14.5;
				MTL_ENABLE_DEBUG_INFO = NO;
				MTL_FAST_MATH = YES;
				SDKROOT = iphoneos;
				SWIFT_COMPILATION_MODE = wholemodule;
				SWIFT_OPTIMIZATION_LEVEL = "-O";
				VALIDATE_PRODUCT = YES;
			};
			name = Release;
		};
		22510C3A26DC8B050053698D /* Debug */ = {
			isa = XCBuildConfiguration;
			buildSettings = {
				ASSETCATALOG_COMPILER_APPICON_NAME = AppIcon;
				ASSETCATALOG_COMPILER_GLOBAL_ACCENT_COLOR_NAME = AccentColor;
				CODE_SIGN_ENTITLEMENTS = Tether/Tether.entitlements;
				CODE_SIGN_STYLE = Automatic;
				DEVELOPMENT_ASSET_PATHS = "\"Tether/Preview Content\"";
				DEVELOPMENT_TEAM = 2QCN9B664W;
				ENABLE_PREVIEWS = YES;
				INFOPLIST_FILE = Tether/Info.plist;
				IPHONEOS_DEPLOYMENT_TARGET = 14.0;
				LD_RUNPATH_SEARCH_PATHS = (
					"$(inherited)",
					"@executable_path/Frameworks",
				);
				PRODUCT_BUNDLE_IDENTIFIER = blank.Tether;
				PRODUCT_NAME = "$(TARGET_NAME)";
				SWIFT_VERSION = 5.0;
				TARGETED_DEVICE_FAMILY = "1,2";
			};
			name = Debug;
		};
		22510C3B26DC8B050053698D /* Release */ = {
			isa = XCBuildConfiguration;
			buildSettings = {
				ASSETCATALOG_COMPILER_APPICON_NAME = AppIcon;
				ASSETCATALOG_COMPILER_GLOBAL_ACCENT_COLOR_NAME = AccentColor;
				CODE_SIGN_ENTITLEMENTS = Tether/Tether.entitlements;
				CODE_SIGN_STYLE = Automatic;
				DEVELOPMENT_ASSET_PATHS = "\"Tether/Preview Content\"";
				DEVELOPMENT_TEAM = 2QCN9B664W;
				ENABLE_PREVIEWS = YES;
				INFOPLIST_FILE = Tether/Info.plist;
				IPHONEOS_DEPLOYMENT_TARGET = 14.0;
				LD_RUNPATH_SEARCH_PATHS = (
					"$(inherited)",
					"@executable_path/Frameworks",
				);
				PRODUCT_BUNDLE_IDENTIFIER = blank.Tether;
				PRODUCT_NAME = "$(TARGET_NAME)";
				SWIFT_VERSION = 5.0;
				TARGETED_DEVICE_FAMILY = "1,2";
			};
			name = Release;
		};
/* End XCBuildConfiguration section */

/* Begin XCConfigurationList section */
		22510C2526DC8B000053698D /* Build configuration list for PBXProject "Tether" */ = {
			isa = XCConfigurationList;
			buildConfigurations = (
				22510C3726DC8B050053698D /* Debug */,
				22510C3826DC8B050053698D /* Release */,
			);
			defaultConfigurationIsVisible = 0;
			defaultConfigurationName = Release;
		};
		22510C3926DC8B050053698D /* Build configuration list for PBXNativeTarget "Tether" */ = {
			isa = XCConfigurationList;
			buildConfigurations = (
				22510C3A26DC8B050053698D /* Debug */,
				22510C3B26DC8B050053698D /* Release */,
			);
			defaultConfigurationIsVisible = 0;
			defaultConfigurationName = Release;
		};
/* End XCConfigurationList section */
	};
	rootObject = 22510C2226DC8B000053698D /* Project object */;
}
